
Microsoft Visual Studio Solution File, Format Version 12.00
# Visual Studio Version 16
VisualStudioVersion = 16.0.34301.259
MinimumVisualStudioVersion = 10.0.40219.1
Project("{FAE04EC0-301F-11D3-BF4B-00C04F79EFBC}") = "InlyITWPF", "InlyITWPF\InlyITWPF.csproj", "{C0848906-40A4-422B-AF7E-9F9BA4737005}"
EndProject
Global
	GlobalSection(SolutionConfigurationPlatforms) = preSolution
		Debug|Any CPU = Debug|Any CPU
		Release|Any CPU = Release|Any CPU
	EndGlobalSection
	GlobalSection(ProjectConfigurationPlatforms) = postSolution
		{C0848906-40A4-422B-AF7E-9F9BA4737005}.Debug|Any CPU.ActiveCfg = Debug|Any CPU
		{C0848906-40A4-422B-AF7E-9F9BA4737005}.Debug|Any CPU.Build.0 = Debug|Any CPU
		{C0848906-40A4-422B-AF7E-9F9BA4737005}.Release|Any CPU.ActiveCfg = Release|Any CPU
		{C0848906-40A4-422B-AF7E-9F9BA4737005}.Release|Any CPU.Build.0 = Release|Any CPU
	EndGlobalSection
	GlobalSection(SolutionProperties) = preSolution
		HideSolutionNode = FALSE
	EndGlobalSection
	GlobalSection(ExtensibilityGlobals) = postSolution
		SolutionGuid = {40862298-FDAF-43DB-9BE0-50D4FAF9ED37}
	EndGlobalSection
EndGlobal
